// !$*UTF8*$!
{
	archiveVersion = 1;
	classes = {
	};
	objectVersion = 51;
	objects = {

/* Begin PBXBuildFile section */
		750626BF246EA03800825BA2 /* MainNavController.swift in Sources */ = {isa = PBXBuildFile; fileRef = 750626BE246EA03800825BA2 /* MainNavController.swift */; };
		751D9A7A24214DDF00BBAC10 /* ComicFinder.swift in Sources */ = {isa = PBXBuildFile; fileRef = 751D9A7924214DDF00BBAC10 /* ComicFinder.swift */; };
		751E477F2437740E008E73AA /* AppIcon.png in Resources */ = {isa = PBXBuildFile; fileRef = 751E477E2437740E008E73AA /* AppIcon.png */; };
		7526471824801AAE0033ABD1 /* ComicReaderTests.swift in Sources */ = {isa = PBXBuildFile; fileRef = 7526471724801AAE0033ABD1 /* ComicReaderTests.swift */; };
		753B063A2440B0DC002946A4 /* ComicError.swift in Sources */ = {isa = PBXBuildFile; fileRef = 753B06392440B0DC002946A4 /* ComicError.swift */; };
		75495C1A248EB4F7008200E5 /* SaveComicViewController.swift in Sources */ = {isa = PBXBuildFile; fileRef = 75495C19248EB4F7008200E5 /* SaveComicViewController.swift */; };
		75545C2F2467E43300E988AC /* ExportQualitySettingsViewController.swift in Sources */ = {isa = PBXBuildFile; fileRef = 75545C2E2467E43300E988AC /* ExportQualitySettingsViewController.swift */; };
		75545C312467E92000E988AC /* ScanModeSettingViewController.swift in Sources */ = {isa = PBXBuildFile; fileRef = 75545C302467E92000E988AC /* ScanModeSettingViewController.swift */; };
		75545C332467ED4500E988AC /* ComicReaderAppSettings.swift in Sources */ = {isa = PBXBuildFile; fileRef = 75545C322467ED4500E988AC /* ComicReaderAppSettings.swift */; };
		75627F24242118D40006D08A /* AppDelegate.swift in Sources */ = {isa = PBXBuildFile; fileRef = 75627F23242118D40006D08A /* AppDelegate.swift */; };
		75627F26242118D40006D08A /* SceneDelegate.swift in Sources */ = {isa = PBXBuildFile; fileRef = 75627F25242118D40006D08A /* SceneDelegate.swift */; };
		75627F28242118D40006D08A /* ViewController.swift in Sources */ = {isa = PBXBuildFile; fileRef = 75627F27242118D40006D08A /* ViewController.swift */; };
		75627F2B242118D40006D08A /* Main.storyboard in Resources */ = {isa = PBXBuildFile; fileRef = 75627F29242118D40006D08A /* Main.storyboard */; };
		75627F2D242118D50006D08A /* Assets.xcassets in Resources */ = {isa = PBXBuildFile; fileRef = 75627F2C242118D50006D08A /* Assets.xcassets */; };
		75627F30242118D50006D08A /* LaunchScreen.storyboard in Resources */ = {isa = PBXBuildFile; fileRef = 75627F2E242118D50006D08A /* LaunchScreen.storyboard */; };
		75627F3824211A830006D08A /* ComicMiniature.swift in Sources */ = {isa = PBXBuildFile; fileRef = 75627F3724211A830006D08A /* ComicMiniature.swift */; };
		75627F3A24211C3F0006D08A /* Comic.swift in Sources */ = {isa = PBXBuildFile; fileRef = 75627F3924211C3F0006D08A /* Comic.swift */; };
		75627F3C242124FC0006D08A /* ComicLecture.swift in Sources */ = {isa = PBXBuildFile; fileRef = 75627F3B242124FC0006D08A /* ComicLecture.swift */; };
		7583920C246D843E00FD5BC6 /* MainTabBarController.swift in Sources */ = {isa = PBXBuildFile; fileRef = 7583920B246D843E00FD5BC6 /* MainTabBarController.swift */; };
		7591B4FF24A6528A003E0862 /* ComicLectureViewController.swift in Sources */ = {isa = PBXBuildFile; fileRef = 7591B4FE24A6528A003E0862 /* ComicLectureViewController.swift */; };
		75924C45245D887B0022C6CA /* Localizable.strings in Resources */ = {isa = PBXBuildFile; fileRef = 75924C43245D887B0022C6CA /* Localizable.strings */; };
		75924C48245D88970022C6CA /* InfoPlist.strings in Resources */ = {isa = PBXBuildFile; fileRef = 75924C46245D88970022C6CA /* InfoPlist.strings */; };
		7593877D2493CA8E00007183 /* ComicPageCell.swift in Sources */ = {isa = PBXBuildFile; fileRef = 7593877C2493CA8E00007183 /* ComicPageCell.swift */; };
		759B393F242F98F300D73586 /* ComicReaderModel.xcdatamodeld in Sources */ = {isa = PBXBuildFile; fileRef = 759B393D242F98F300D73586 /* ComicReaderModel.xcdatamodeld */; };
		75D7935024AE5A5A00989285 /* #1 Pepper & Carrot The Potion of Flight.cbz in Resources */ = {isa = PBXBuildFile; fileRef = 75D7934F24AE5A5A00989285 /* #1 Pepper & Carrot The Potion of Flight.cbz */; };
		75DA1A23245DC677000187E3 /* CameraScanner.swift in Sources */ = {isa = PBXBuildFile; fileRef = 75DA1A22245DC677000187E3 /* CameraScanner.swift */; };
		75E1D912244AFFEC0016261D /* DecompressRar.m in Sources */ = {isa = PBXBuildFile; fileRef = 75E1D911244AFFEC0016261D /* DecompressRar.m */; };
		75ECF94F2466DE4E00B3B6BA /* SettingTableViewCell.swift in Sources */ = {isa = PBXBuildFile; fileRef = 75ECF94E2466DE4E00B3B6BA /* SettingTableViewCell.swift */; };
		75ECF9512466DF0900B3B6BA /* SettingTableViewController.swift in Sources */ = {isa = PBXBuildFile; fileRef = 75ECF9502466DF0900B3B6BA /* SettingTableViewController.swift */; };
		75ECF9532466E45900B3B6BA /* ExportSettings.swift in Sources */ = {isa = PBXBuildFile; fileRef = 75ECF9522466E45900B3B6BA /* ExportSettings.swift */; };
		75ECF9552466E84800B3B6BA /* SettingRowTableViewCell.swift in Sources */ = {isa = PBXBuildFile; fileRef = 75ECF9542466E84800B3B6BA /* SettingRowTableViewCell.swift */; };
		75ECF9572466F1C800B3B6BA /* OrderBySettingsController.swift in Sources */ = {isa = PBXBuildFile; fileRef = 75ECF9562466F1C800B3B6BA /* OrderBySettingsController.swift */; };
		75FB7488249F6BAA00E455C0 /* LicensePrivacyViewController.swift in Sources */ = {isa = PBXBuildFile; fileRef = 75FB7487249F6BAA00E455C0 /* LicensePrivacyViewController.swift */; };
		B7A0FCDBA9916574C82BC9D3 /* Pods_ComicReaderTests.framework in Frameworks */ = {isa = PBXBuildFile; fileRef = 48ADBFA6EEAE590A7453DDE5 /* Pods_ComicReaderTests.framework */; };
		C420559A14164B72FF1DF165 /* Pods_ComicReader.framework in Frameworks */ = {isa = PBXBuildFile; fileRef = 4F9FFF9EED45EE518CFEBD01 /* Pods_ComicReader.framework */; };
/* End PBXBuildFile section */

/* Begin PBXContainerItemProxy section */
		7526471A24801AAE0033ABD1 /* PBXContainerItemProxy */ = {
			isa = PBXContainerItemProxy;
			containerPortal = 75627F18242118D30006D08A /* Project object */;
			proxyType = 1;
			remoteGlobalIDString = 75627F1F242118D40006D08A;
			remoteInfo = ComicReader;
		};
/* End PBXContainerItemProxy section */

/* Begin PBXFileReference section */
		25E1B262260C0E1A166085B9 /* Pods-ComicReader.release.xcconfig */ = {isa = PBXFileReference; includeInIndex = 1; lastKnownFileType = text.xcconfig; name = "Pods-ComicReader.release.xcconfig"; path = "Target Support Files/Pods-ComicReader/Pods-ComicReader.release.xcconfig"; sourceTree = "<group>"; };
		2F35AC119B8A223271DBD744 /* Pods-ComicReaderTests.release.xcconfig */ = {isa = PBXFileReference; includeInIndex = 1; lastKnownFileType = text.xcconfig; name = "Pods-ComicReaderTests.release.xcconfig"; path = "Target Support Files/Pods-ComicReaderTests/Pods-ComicReaderTests.release.xcconfig"; sourceTree = "<group>"; };
		3C2B6BC6F95F012A69BD84D1 /* Pods-ComicReaderTests.debug.xcconfig */ = {isa = PBXFileReference; includeInIndex = 1; lastKnownFileType = text.xcconfig; name = "Pods-ComicReaderTests.debug.xcconfig"; path = "Target Support Files/Pods-ComicReaderTests/Pods-ComicReaderTests.debug.xcconfig"; sourceTree = "<group>"; };
		3C9F9D95C62A1BB06580A265 /* Pods-ComicReader.debug.xcconfig */ = {isa = PBXFileReference; includeInIndex = 1; lastKnownFileType = text.xcconfig; name = "Pods-ComicReader.debug.xcconfig"; path = "Target Support Files/Pods-ComicReader/Pods-ComicReader.debug.xcconfig"; sourceTree = "<group>"; };
		48ADBFA6EEAE590A7453DDE5 /* Pods_ComicReaderTests.framework */ = {isa = PBXFileReference; explicitFileType = wrapper.framework; includeInIndex = 0; path = Pods_ComicReaderTests.framework; sourceTree = BUILT_PRODUCTS_DIR; };
		4F9FFF9EED45EE518CFEBD01 /* Pods_ComicReader.framework */ = {isa = PBXFileReference; explicitFileType = wrapper.framework; includeInIndex = 0; path = Pods_ComicReader.framework; sourceTree = BUILT_PRODUCTS_DIR; };
		750626BE246EA03800825BA2 /* MainNavController.swift */ = {isa = PBXFileReference; lastKnownFileType = sourcecode.swift; path = MainNavController.swift; sourceTree = "<group>"; };
		751D9A7924214DDF00BBAC10 /* ComicFinder.swift */ = {isa = PBXFileReference; lastKnownFileType = sourcecode.swift; path = ComicFinder.swift; sourceTree = "<group>"; };
		751E477E2437740E008E73AA /* AppIcon.png */ = {isa = PBXFileReference; lastKnownFileType = image.png; path = AppIcon.png; sourceTree = "<group>"; };
		7526471524801AAE0033ABD1 /* ComicReaderTests.xctest */ = {isa = PBXFileReference; explicitFileType = wrapper.cfbundle; includeInIndex = 0; path = ComicReaderTests.xctest; sourceTree = BUILT_PRODUCTS_DIR; };
		7526471724801AAE0033ABD1 /* ComicReaderTests.swift */ = {isa = PBXFileReference; lastKnownFileType = sourcecode.swift; path = ComicReaderTests.swift; sourceTree = "<group>"; };
		7526471924801AAE0033ABD1 /* Info.plist */ = {isa = PBXFileReference; lastKnownFileType = text.plist.xml; path = Info.plist; sourceTree = "<group>"; };
		753B06392440B0DC002946A4 /* ComicError.swift */ = {isa = PBXFileReference; lastKnownFileType = sourcecode.swift; path = ComicError.swift; sourceTree = "<group>"; };
		75495C19248EB4F7008200E5 /* SaveComicViewController.swift */ = {isa = PBXFileReference; lastKnownFileType = sourcecode.swift; path = SaveComicViewController.swift; sourceTree = "<group>"; };
		75545C2E2467E43300E988AC /* ExportQualitySettingsViewController.swift */ = {isa = PBXFileReference; lastKnownFileType = sourcecode.swift; path = ExportQualitySettingsViewController.swift; sourceTree = "<group>"; };
		75545C302467E92000E988AC /* ScanModeSettingViewController.swift */ = {isa = PBXFileReference; lastKnownFileType = sourcecode.swift; path = ScanModeSettingViewController.swift; sourceTree = "<group>"; };
		75545C322467ED4500E988AC /* ComicReaderAppSettings.swift */ = {isa = PBXFileReference; lastKnownFileType = sourcecode.swift; path = ComicReaderAppSettings.swift; sourceTree = "<group>"; };
		75627F20242118D40006D08A /* Tham!.app */ = {isa = PBXFileReference; explicitFileType = wrapper.application; includeInIndex = 0; path = "Tham!.app"; sourceTree = BUILT_PRODUCTS_DIR; };
		75627F23242118D40006D08A /* AppDelegate.swift */ = {isa = PBXFileReference; lastKnownFileType = sourcecode.swift; path = AppDelegate.swift; sourceTree = "<group>"; };
		75627F25242118D40006D08A /* SceneDelegate.swift */ = {isa = PBXFileReference; lastKnownFileType = sourcecode.swift; path = SceneDelegate.swift; sourceTree = "<group>"; };
		75627F27242118D40006D08A /* ViewController.swift */ = {isa = PBXFileReference; lastKnownFileType = sourcecode.swift; path = ViewController.swift; sourceTree = "<group>"; };
		75627F2A242118D40006D08A /* Base */ = {isa = PBXFileReference; lastKnownFileType = file.storyboard; name = Base; path = Base.lproj/Main.storyboard; sourceTree = "<group>"; };
		75627F2C242118D50006D08A /* Assets.xcassets */ = {isa = PBXFileReference; lastKnownFileType = folder.assetcatalog; path = Assets.xcassets; sourceTree = "<group>"; };
		75627F2F242118D50006D08A /* Base */ = {isa = PBXFileReference; lastKnownFileType = file.storyboard; name = Base; path = Base.lproj/LaunchScreen.storyboard; sourceTree = "<group>"; };
		75627F31242118D50006D08A /* Info.plist */ = {isa = PBXFileReference; lastKnownFileType = text.plist.xml; path = Info.plist; sourceTree = "<group>"; };
		75627F3724211A830006D08A /* ComicMiniature.swift */ = {isa = PBXFileReference; lastKnownFileType = sourcecode.swift; path = ComicMiniature.swift; sourceTree = "<group>"; };
		75627F3924211C3F0006D08A /* Comic.swift */ = {isa = PBXFileReference; lastKnownFileType = sourcecode.swift; path = Comic.swift; sourceTree = "<group>"; };
		75627F3B242124FC0006D08A /* ComicLecture.swift */ = {isa = PBXFileReference; lastKnownFileType = sourcecode.swift; path = ComicLecture.swift; sourceTree = "<group>"; };
		7583920B246D843E00FD5BC6 /* MainTabBarController.swift */ = {isa = PBXFileReference; lastKnownFileType = sourcecode.swift; path = MainTabBarController.swift; sourceTree = "<group>"; };
		7591B4FE24A6528A003E0862 /* ComicLectureViewController.swift */ = {isa = PBXFileReference; lastKnownFileType = sourcecode.swift; path = ComicLectureViewController.swift; sourceTree = "<group>"; };
		75924C41245D7D6F0022C6CA /* es */ = {isa = PBXFileReference; lastKnownFileType = text.plist.strings; name = es; path = es.lproj/Main.strings; sourceTree = "<group>"; };
		75924C42245D7D700022C6CA /* es */ = {isa = PBXFileReference; lastKnownFileType = text.plist.strings; name = es; path = es.lproj/LaunchScreen.strings; sourceTree = "<group>"; };
		75924C44245D887B0022C6CA /* en */ = {isa = PBXFileReference; lastKnownFileType = text.plist.strings; name = en; path = en.lproj/Localizable.strings; sourceTree = "<group>"; };
		75924C47245D88970022C6CA /* es */ = {isa = PBXFileReference; lastKnownFileType = text.plist.strings; name = es; path = es.lproj/InfoPlist.strings; sourceTree = "<group>"; };
		75924C49245D88970022C6CA /* es */ = {isa = PBXFileReference; lastKnownFileType = text.plist.strings; name = es; path = es.lproj/Localizable.strings; sourceTree = "<group>"; };
		7593877C2493CA8E00007183 /* ComicPageCell.swift */ = {isa = PBXFileReference; lastKnownFileType = sourcecode.swift; path = ComicPageCell.swift; sourceTree = "<group>"; };
		759B393E242F98F300D73586 /* ComicReaderModel.xcdatamodel */ = {isa = PBXFileReference; lastKnownFileType = wrapper.xcdatamodel; path = ComicReaderModel.xcdatamodel; sourceTree = "<group>"; };
		75D7934F24AE5A5A00989285 /* #1 Pepper & Carrot The Potion of Flight.cbz */ = {isa = PBXFileReference; lastKnownFileType = file; path = "#1 Pepper & Carrot The Potion of Flight.cbz"; sourceTree = "<group>"; };
		75DA1A22245DC677000187E3 /* CameraScanner.swift */ = {isa = PBXFileReference; lastKnownFileType = sourcecode.swift; path = CameraScanner.swift; sourceTree = "<group>"; };
		75E1D910244AFFEC0016261D /* ComicReader-Bridging-Header.h */ = {isa = PBXFileReference; lastKnownFileType = sourcecode.c.h; path = "ComicReader-Bridging-Header.h"; sourceTree = "<group>"; };
		75E1D911244AFFEC0016261D /* DecompressRar.m */ = {isa = PBXFileReference; lastKnownFileType = sourcecode.c.objc; path = DecompressRar.m; sourceTree = "<group>"; };
		75E1D913244B01000016261D /* DecompressRar.h */ = {isa = PBXFileReference; lastKnownFileType = sourcecode.c.h; path = DecompressRar.h; sourceTree = "<group>"; };
		75ECF94E2466DE4E00B3B6BA /* SettingTableViewCell.swift */ = {isa = PBXFileReference; lastKnownFileType = sourcecode.swift; path = SettingTableViewCell.swift; sourceTree = "<group>"; };
		75ECF9502466DF0900B3B6BA /* SettingTableViewController.swift */ = {isa = PBXFileReference; lastKnownFileType = sourcecode.swift; path = SettingTableViewController.swift; sourceTree = "<group>"; };
		75ECF9522466E45900B3B6BA /* ExportSettings.swift */ = {isa = PBXFileReference; lastKnownFileType = sourcecode.swift; path = ExportSettings.swift; sourceTree = "<group>"; };
		75ECF9542466E84800B3B6BA /* SettingRowTableViewCell.swift */ = {isa = PBXFileReference; lastKnownFileType = sourcecode.swift; path = SettingRowTableViewCell.swift; sourceTree = "<group>"; };
		75ECF9562466F1C800B3B6BA /* OrderBySettingsController.swift */ = {isa = PBXFileReference; lastKnownFileType = sourcecode.swift; path = OrderBySettingsController.swift; sourceTree = "<group>"; };
		75FB7487249F6BAA00E455C0 /* LicensePrivacyViewController.swift */ = {isa = PBXFileReference; lastKnownFileType = sourcecode.swift; path = LicensePrivacyViewController.swift; sourceTree = "<group>"; };
/* End PBXFileReference section */

/* Begin PBXFrameworksBuildPhase section */
		7526471224801AAE0033ABD1 /* Frameworks */ = {
			isa = PBXFrameworksBuildPhase;
			buildActionMask = 2147483647;
			files = (
				B7A0FCDBA9916574C82BC9D3 /* Pods_ComicReaderTests.framework in Frameworks */,
			);
			runOnlyForDeploymentPostprocessing = 0;
		};
		75627F1D242118D40006D08A /* Frameworks */ = {
			isa = PBXFrameworksBuildPhase;
			buildActionMask = 2147483647;
			files = (
				C420559A14164B72FF1DF165 /* Pods_ComicReader.framework in Frameworks */,
			);
			runOnlyForDeploymentPostprocessing = 0;
		};
/* End PBXFrameworksBuildPhase section */

/* Begin PBXGroup section */
		344050060251F482F50DA589 /* Pods */ = {
			isa = PBXGroup;
			children = (
				3C9F9D95C62A1BB06580A265 /* Pods-ComicReader.debug.xcconfig */,
				25E1B262260C0E1A166085B9 /* Pods-ComicReader.release.xcconfig */,
				3C2B6BC6F95F012A69BD84D1 /* Pods-ComicReaderTests.debug.xcconfig */,
				2F35AC119B8A223271DBD744 /* Pods-ComicReaderTests.release.xcconfig */,
			);
			path = Pods;
			sourceTree = "<group>";
		};
		7526471624801AAE0033ABD1 /* ComicReaderTests */ = {
			isa = PBXGroup;
			children = (
				7526471724801AAE0033ABD1 /* ComicReaderTests.swift */,
				7526471924801AAE0033ABD1 /* Info.plist */,
			);
			path = ComicReaderTests;
			sourceTree = "<group>";
		};
		75545C342467F1E500E988AC /* UI */ = {
			isa = PBXGroup;
			children = (
				75DA1A22245DC677000187E3 /* CameraScanner.swift */,
				75ECF94E2466DE4E00B3B6BA /* SettingTableViewCell.swift */,
				75ECF9502466DF0900B3B6BA /* SettingTableViewController.swift */,
				75ECF9522466E45900B3B6BA /* ExportSettings.swift */,
				75ECF9542466E84800B3B6BA /* SettingRowTableViewCell.swift */,
				75ECF9562466F1C800B3B6BA /* OrderBySettingsController.swift */,
				75545C2E2467E43300E988AC /* ExportQualitySettingsViewController.swift */,
				75545C302467E92000E988AC /* ScanModeSettingViewController.swift */,
				75627F27242118D40006D08A /* ViewController.swift */,
				75627F3724211A830006D08A /* ComicMiniature.swift */,
				75627F3B242124FC0006D08A /* ComicLecture.swift */,
				7583920B246D843E00FD5BC6 /* MainTabBarController.swift */,
				750626BE246EA03800825BA2 /* MainNavController.swift */,
				75495C19248EB4F7008200E5 /* SaveComicViewController.swift */,
				7593877C2493CA8E00007183 /* ComicPageCell.swift */,
				75FB7487249F6BAA00E455C0 /* LicensePrivacyViewController.swift */,
				7591B4FE24A6528A003E0862 /* ComicLectureViewController.swift */,
			);
			path = UI;
			sourceTree = "<group>";
		};
		75545C352467F22100E988AC /* Logic */ = {
			isa = PBXGroup;
			children = (
				75627F3924211C3F0006D08A /* Comic.swift */,
				751D9A7924214DDF00BBAC10 /* ComicFinder.swift */,
				753B06392440B0DC002946A4 /* ComicError.swift */,
				75545C322467ED4500E988AC /* ComicReaderAppSettings.swift */,
			);
			path = Logic;
			sourceTree = "<group>";
		};
		75627F17242118D30006D08A = {
			isa = PBXGroup;
			children = (
				75D7934F24AE5A5A00989285 /* #1 Pepper & Carrot The Potion of Flight.cbz */,
				751E477E2437740E008E73AA /* AppIcon.png */,
				75627F22242118D40006D08A /* ComicReader */,
				7526471624801AAE0033ABD1 /* ComicReaderTests */,
				75627F21242118D40006D08A /* Products */,
				344050060251F482F50DA589 /* Pods */,
				791F4E708FE5E95F160EF403 /* Frameworks */,
			);
			sourceTree = "<group>";
		};
		75627F21242118D40006D08A /* Products */ = {
			isa = PBXGroup;
			children = (
				75627F20242118D40006D08A /* Tham!.app */,
				7526471524801AAE0033ABD1 /* ComicReaderTests.xctest */,
			);
			name = Products;
			sourceTree = "<group>";
		};
		75627F22242118D40006D08A /* ComicReader */ = {
			isa = PBXGroup;
			children = (
				75E1D911244AFFEC0016261D /* DecompressRar.m */,
				75E1D910244AFFEC0016261D /* ComicReader-Bridging-Header.h */,
				75E1D913244B01000016261D /* DecompressRar.h */,
				75545C352467F22100E988AC /* Logic */,
				75545C342467F1E500E988AC /* UI */,
				75627F23242118D40006D08A /* AppDelegate.swift */,
				75627F25242118D40006D08A /* SceneDelegate.swift */,
				75627F29242118D40006D08A /* Main.storyboard */,
				75627F2C242118D50006D08A /* Assets.xcassets */,
				75627F2E242118D50006D08A /* LaunchScreen.storyboard */,
				75627F31242118D50006D08A /* Info.plist */,
				75924C46245D88970022C6CA /* InfoPlist.strings */,
				75924C43245D887B0022C6CA /* Localizable.strings */,
				759B393D242F98F300D73586 /* ComicReaderModel.xcdatamodeld */,
			);
			path = ComicReader;
			sourceTree = "<group>";
		};
		791F4E708FE5E95F160EF403 /* Frameworks */ = {
			isa = PBXGroup;
			children = (
				4F9FFF9EED45EE518CFEBD01 /* Pods_ComicReader.framework */,
				48ADBFA6EEAE590A7453DDE5 /* Pods_ComicReaderTests.framework */,
			);
			name = Frameworks;
			sourceTree = "<group>";
		};
/* End PBXGroup section */

/* Begin PBXNativeTarget section */
		7526471424801AAE0033ABD1 /* ComicReaderTests */ = {
			isa = PBXNativeTarget;
			buildConfigurationList = 7526471E24801AAE0033ABD1 /* Build configuration list for PBXNativeTarget "ComicReaderTests" */;
			buildPhases = (
				E89276E96C4401D9418318C5 /* [CP] Check Pods Manifest.lock */,
				7526471124801AAE0033ABD1 /* Sources */,
				7526471224801AAE0033ABD1 /* Frameworks */,
				7526471324801AAE0033ABD1 /* Resources */,
			);
			buildRules = (
			);
			dependencies = (
				7526471B24801AAE0033ABD1 /* PBXTargetDependency */,
			);
			name = ComicReaderTests;
			productName = ComicReaderTests;
			productReference = 7526471524801AAE0033ABD1 /* ComicReaderTests.xctest */;
			productType = "com.apple.product-type.bundle.unit-test";
		};
		75627F1F242118D40006D08A /* Tham! */ = {
			isa = PBXNativeTarget;
			buildConfigurationList = 75627F34242118D50006D08A /* Build configuration list for PBXNativeTarget "Tham!" */;
			buildPhases = (
				83FDB0F4350532EF32CE9950 /* [CP] Check Pods Manifest.lock */,
				75627F1C242118D40006D08A /* Sources */,
				75627F1D242118D40006D08A /* Frameworks */,
				75627F1E242118D40006D08A /* Resources */,
				E26E293D44470ACE78661778 /* [CP] Embed Pods Frameworks */,
			);
			buildRules = (
			);
			dependencies = (
			);
			name = "Tham!";
			productName = ComicReader;
			productReference = 75627F20242118D40006D08A /* Tham!.app */;
			productType = "com.apple.product-type.application";
		};
/* End PBXNativeTarget section */

/* Begin PBXProject section */
		75627F18242118D30006D08A /* Project object */ = {
			isa = PBXProject;
			attributes = {
				LastSwiftUpdateCheck = 1150;
				LastUpgradeCheck = 1130;
				ORGANIZATIONNAME = flaviusstan;
				TargetAttributes = {
					7526471424801AAE0033ABD1 = {
						CreatedOnToolsVersion = 11.5;
						TestTargetID = 75627F1F242118D40006D08A;
					};
					75627F1F242118D40006D08A = {
						CreatedOnToolsVersion = 11.3.1;
						LastSwiftMigration = 1140;
					};
				};
			};
			buildConfigurationList = 75627F1B242118D30006D08A /* Build configuration list for PBXProject "ComicReader" */;
			compatibilityVersion = "Xcode 9.3";
			developmentRegion = en;
			hasScannedForEncodings = 0;
			knownRegions = (
				en,
				Base,
				es,
			);
			mainGroup = 75627F17242118D30006D08A;
			productRefGroup = 75627F21242118D40006D08A /* Products */;
			projectDirPath = "";
			projectRoot = "";
			targets = (
				75627F1F242118D40006D08A /* Tham! */,
				7526471424801AAE0033ABD1 /* ComicReaderTests */,
			);
		};
/* End PBXProject section */

/* Begin PBXResourcesBuildPhase section */
		7526471324801AAE0033ABD1 /* Resources */ = {
			isa = PBXResourcesBuildPhase;
			buildActionMask = 2147483647;
			files = (
			);
			runOnlyForDeploymentPostprocessing = 0;
		};
		75627F1E242118D40006D08A /* Resources */ = {
			isa = PBXResourcesBuildPhase;
			buildActionMask = 2147483647;
			files = (
				75924C45245D887B0022C6CA /* Localizable.strings in Resources */,
				75924C48245D88970022C6CA /* InfoPlist.strings in Resources */,
				751E477F2437740E008E73AA /* AppIcon.png in Resources */,
				75627F30242118D50006D08A /* LaunchScreen.storyboard in Resources */,
				75627F2D242118D50006D08A /* Assets.xcassets in Resources */,
				75627F2B242118D40006D08A /* Main.storyboard in Resources */,
				75D7935024AE5A5A00989285 /* #1 Pepper & Carrot The Potion of Flight.cbz in Resources */,
			);
			runOnlyForDeploymentPostprocessing = 0;
		};
/* End PBXResourcesBuildPhase section */

/* Begin PBXShellScriptBuildPhase section */
		83FDB0F4350532EF32CE9950 /* [CP] Check Pods Manifest.lock */ = {
			isa = PBXShellScriptBuildPhase;
			buildActionMask = 2147483647;
			files = (
			);
			inputFileListPaths = (
			);
			inputPaths = (
				"${PODS_PODFILE_DIR_PATH}/Podfile.lock",
				"${PODS_ROOT}/Manifest.lock",
			);
			name = "[CP] Check Pods Manifest.lock";
			outputFileListPaths = (
			);
			outputPaths = (
				"$(DERIVED_FILE_DIR)/Pods-ComicReader-checkManifestLockResult.txt",
			);
			runOnlyForDeploymentPostprocessing = 0;
			shellPath = /bin/sh;
			shellScript = "diff \"${PODS_PODFILE_DIR_PATH}/Podfile.lock\" \"${PODS_ROOT}/Manifest.lock\" > /dev/null\nif [ $? != 0 ] ; then\n    # print error to STDERR\n    echo \"error: The sandbox is not in sync with the Podfile.lock. Run 'pod install' or update your CocoaPods installation.\" >&2\n    exit 1\nfi\n# This output is used by Xcode 'outputs' to avoid re-running this script phase.\necho \"SUCCESS\" > \"${SCRIPT_OUTPUT_FILE_0}\"\n";
			showEnvVarsInLog = 0;
		};
		E26E293D44470ACE78661778 /* [CP] Embed Pods Frameworks */ = {
			isa = PBXShellScriptBuildPhase;
			buildActionMask = 2147483647;
			files = (
			);
			inputFileListPaths = (
				"${PODS_ROOT}/Target Support Files/Pods-ComicReader/Pods-ComicReader-frameworks-${CONFIGURATION}-input-files.xcfilelist",
			);
			name = "[CP] Embed Pods Frameworks";
			outputFileListPaths = (
				"${PODS_ROOT}/Target Support Files/Pods-ComicReader/Pods-ComicReader-frameworks-${CONFIGURATION}-output-files.xcfilelist",
			);
			runOnlyForDeploymentPostprocessing = 0;
			shellPath = /bin/sh;
			shellScript = "\"${PODS_ROOT}/Target Support Files/Pods-ComicReader/Pods-ComicReader-frameworks.sh\"\n";
			showEnvVarsInLog = 0;
		};
		E89276E96C4401D9418318C5 /* [CP] Check Pods Manifest.lock */ = {
			isa = PBXShellScriptBuildPhase;
			buildActionMask = 2147483647;
			files = (
			);
			inputFileListPaths = (
			);
			inputPaths = (
				"${PODS_PODFILE_DIR_PATH}/Podfile.lock",
				"${PODS_ROOT}/Manifest.lock",
			);
			name = "[CP] Check Pods Manifest.lock";
			outputFileListPaths = (
			);
			outputPaths = (
				"$(DERIVED_FILE_DIR)/Pods-ComicReaderTests-checkManifestLockResult.txt",
			);
			runOnlyForDeploymentPostprocessing = 0;
			shellPath = /bin/sh;
			shellScript = "diff \"${PODS_PODFILE_DIR_PATH}/Podfile.lock\" \"${PODS_ROOT}/Manifest.lock\" > /dev/null\nif [ $? != 0 ] ; then\n    # print error to STDERR\n    echo \"error: The sandbox is not in sync with the Podfile.lock. Run 'pod install' or update your CocoaPods installation.\" >&2\n    exit 1\nfi\n# This output is used by Xcode 'outputs' to avoid re-running this script phase.\necho \"SUCCESS\" > \"${SCRIPT_OUTPUT_FILE_0}\"\n";
			showEnvVarsInLog = 0;
		};
/* End PBXShellScriptBuildPhase section */

/* Begin PBXSourcesBuildPhase section */
		7526471124801AAE0033ABD1 /* Sources */ = {
			isa = PBXSourcesBuildPhase;
			buildActionMask = 2147483647;
			files = (
				7526471824801AAE0033ABD1 /* ComicReaderTests.swift in Sources */,
			);
			runOnlyForDeploymentPostprocessing = 0;
		};
		75627F1C242118D40006D08A /* Sources */ = {
			isa = PBXSourcesBuildPhase;
			buildActionMask = 2147483647;
			files = (
				753B063A2440B0DC002946A4 /* ComicError.swift in Sources */,
				75545C332467ED4500E988AC /* ComicReaderAppSettings.swift in Sources */,
				7583920C246D843E00FD5BC6 /* MainTabBarController.swift in Sources */,
				75ECF9512466DF0900B3B6BA /* SettingTableViewController.swift in Sources */,
				7591B4FF24A6528A003E0862 /* ComicLectureViewController.swift in Sources */,
				759B393F242F98F300D73586 /* ComicReaderModel.xcdatamodeld in Sources */,
				75627F3824211A830006D08A /* ComicMiniature.swift in Sources */,
				75627F28242118D40006D08A /* ViewController.swift in Sources */,
				75545C2F2467E43300E988AC /* ExportQualitySettingsViewController.swift in Sources */,
				7593877D2493CA8E00007183 /* ComicPageCell.swift in Sources */,
				75E1D912244AFFEC0016261D /* DecompressRar.m in Sources */,
				75ECF9572466F1C800B3B6BA /* OrderBySettingsController.swift in Sources */,
				750626BF246EA03800825BA2 /* MainNavController.swift in Sources */,
				75627F3C242124FC0006D08A /* ComicLecture.swift in Sources */,
				75ECF94F2466DE4E00B3B6BA /* SettingTableViewCell.swift in Sources */,
				75495C1A248EB4F7008200E5 /* SaveComicViewController.swift in Sources */,
				75DA1A23245DC677000187E3 /* CameraScanner.swift in Sources */,
				75627F3A24211C3F0006D08A /* Comic.swift in Sources */,
				75FB7488249F6BAA00E455C0 /* LicensePrivacyViewController.swift in Sources */,
				75ECF9532466E45900B3B6BA /* ExportSettings.swift in Sources */,
				751D9A7A24214DDF00BBAC10 /* ComicFinder.swift in Sources */,
				75ECF9552466E84800B3B6BA /* SettingRowTableViewCell.swift in Sources */,
				75627F24242118D40006D08A /* AppDelegate.swift in Sources */,
				75627F26242118D40006D08A /* SceneDelegate.swift in Sources */,
				75545C312467E92000E988AC /* ScanModeSettingViewController.swift in Sources */,
			);
			runOnlyForDeploymentPostprocessing = 0;
		};
/* End PBXSourcesBuildPhase section */

/* Begin PBXTargetDependency section */
		7526471B24801AAE0033ABD1 /* PBXTargetDependency */ = {
			isa = PBXTargetDependency;
			target = 75627F1F242118D40006D08A /* Tham! */;
			targetProxy = 7526471A24801AAE0033ABD1 /* PBXContainerItemProxy */;
		};
/* End PBXTargetDependency section */

/* Begin PBXVariantGroup section */
		75627F29242118D40006D08A /* Main.storyboard */ = {
			isa = PBXVariantGroup;
			children = (
				75627F2A242118D40006D08A /* Base */,
				75924C41245D7D6F0022C6CA /* es */,
			);
			name = Main.storyboard;
			sourceTree = "<group>";
		};
		75627F2E242118D50006D08A /* LaunchScreen.storyboard */ = {
			isa = PBXVariantGroup;
			children = (
				75627F2F242118D50006D08A /* Base */,
				75924C42245D7D700022C6CA /* es */,
			);
			name = LaunchScreen.storyboard;
			sourceTree = "<group>";
		};
		75924C43245D887B0022C6CA /* Localizable.strings */ = {
			isa = PBXVariantGroup;
			children = (
				75924C44245D887B0022C6CA /* en */,
				75924C49245D88970022C6CA /* es */,
			);
			name = Localizable.strings;
			sourceTree = "<group>";
		};
		75924C46245D88970022C6CA /* InfoPlist.strings */ = {
			isa = PBXVariantGroup;
			children = (
				75924C47245D88970022C6CA /* es */,
			);
			name = InfoPlist.strings;
			sourceTree = "<group>";
		};
/* End PBXVariantGroup section */

/* Begin XCBuildConfiguration section */
		7526471C24801AAE0033ABD1 /* Debug */ = {
			isa = XCBuildConfiguration;
			baseConfigurationReference = 3C2B6BC6F95F012A69BD84D1 /* Pods-ComicReaderTests.debug.xcconfig */;
			buildSettings = {
				BUNDLE_LOADER = "$(TEST_HOST)";
				CODE_SIGN_STYLE = Automatic;
				DEVELOPMENT_TEAM = N997Q2Y7ME;
				INFOPLIST_FILE = ComicReaderTests/Info.plist;
				IPHONEOS_DEPLOYMENT_TARGET = 13.5;
				LD_RUNPATH_SEARCH_PATHS = (
					"$(inherited)",
					"@executable_path/Frameworks",
					"@loader_path/Frameworks",
				);
				PRODUCT_BUNDLE_IDENTIFIER = com.flavius.ComicReaderTests;
				PRODUCT_NAME = "$(TARGET_NAME)";
				SWIFT_VERSION = 5.0;
				TARGETED_DEVICE_FAMILY = "1,2";
				TEST_HOST = "$(BUILT_PRODUCTS_DIR)/ComicReader.app/ComicReader";
			};
			name = Debug;
		};
		7526471D24801AAE0033ABD1 /* Release */ = {
			isa = XCBuildConfiguration;
			baseConfigurationReference = 2F35AC119B8A223271DBD744 /* Pods-ComicReaderTests.release.xcconfig */;
			buildSettings = {
				BUNDLE_LOADER = "$(TEST_HOST)";
				CODE_SIGN_STYLE = Automatic;
				DEVELOPMENT_TEAM = N997Q2Y7ME;
				INFOPLIST_FILE = ComicReaderTests/Info.plist;
				IPHONEOS_DEPLOYMENT_TARGET = 13.5;
				LD_RUNPATH_SEARCH_PATHS = (
					"$(inherited)",
					"@executable_path/Frameworks",
					"@loader_path/Frameworks",
				);
				PRODUCT_BUNDLE_IDENTIFIER = com.flavius.ComicReaderTests;
				PRODUCT_NAME = "$(TARGET_NAME)";
				SWIFT_VERSION = 5.0;
				TARGETED_DEVICE_FAMILY = "1,2";
				TEST_HOST = "$(BUILT_PRODUCTS_DIR)/ComicReader.app/ComicReader";
			};
			name = Release;
		};
		75627F32242118D50006D08A /* Debug */ = {
			isa = XCBuildConfiguration;
			buildSettings = {
				ALWAYS_SEARCH_USER_PATHS = NO;
				CLANG_ANALYZER_LOCALIZABILITY_NONLOCALIZED = YES;
				CLANG_ANALYZER_NONNULL = YES;
				CLANG_ANALYZER_NUMBER_OBJECT_CONVERSION = YES_AGGRESSIVE;
				CLANG_CXX_LANGUAGE_STANDARD = "gnu++14";
				CLANG_CXX_LIBRARY = "libc++";
				CLANG_ENABLE_MODULES = YES;
				CLANG_ENABLE_OBJC_ARC = YES;
				CLANG_ENABLE_OBJC_WEAK = YES;
				CLANG_WARN_BLOCK_CAPTURE_AUTORELEASING = YES;
				CLANG_WARN_BOOL_CONVERSION = YES;
				CLANG_WARN_COMMA = YES;
				CLANG_WARN_CONSTANT_CONVERSION = YES;
				CLANG_WARN_DEPRECATED_OBJC_IMPLEMENTATIONS = YES;
				CLANG_WARN_DIRECT_OBJC_ISA_USAGE = YES_ERROR;
				CLANG_WARN_DOCUMENTATION_COMMENTS = YES;
				CLANG_WARN_EMPTY_BODY = YES;
				CLANG_WARN_ENUM_CONVERSION = YES;
				CLANG_WARN_INFINITE_RECURSION = YES;
				CLANG_WARN_INT_CONVERSION = YES;
				CLANG_WARN_NON_LITERAL_NULL_CONVERSION = YES;
				CLANG_WARN_OBJC_IMPLICIT_RETAIN_SELF = YES;
				CLANG_WARN_OBJC_LITERAL_CONVERSION = YES;
				CLANG_WARN_OBJC_ROOT_CLASS = YES_ERROR;
				CLANG_WARN_RANGE_LOOP_ANALYSIS = YES;
				CLANG_WARN_STRICT_PROTOTYPES = YES;
				CLANG_WARN_SUSPICIOUS_MOVE = YES;
				CLANG_WARN_UNGUARDED_AVAILABILITY = YES_AGGRESSIVE;
				CLANG_WARN_UNREACHABLE_CODE = YES;
				CLANG_WARN__DUPLICATE_METHOD_MATCH = YES;
				COPY_PHASE_STRIP = NO;
				DEBUG_INFORMATION_FORMAT = dwarf;
				ENABLE_STRICT_OBJC_MSGSEND = YES;
				ENABLE_TESTABILITY = YES;
				GCC_C_LANGUAGE_STANDARD = gnu11;
				GCC_DYNAMIC_NO_PIC = NO;
				GCC_NO_COMMON_BLOCKS = YES;
				GCC_OPTIMIZATION_LEVEL = 0;
				GCC_PREPROCESSOR_DEFINITIONS = (
					"DEBUG=1",
					"$(inherited)",
				);
				GCC_WARN_64_TO_32_BIT_CONVERSION = YES;
				GCC_WARN_ABOUT_RETURN_TYPE = YES_ERROR;
				GCC_WARN_UNDECLARED_SELECTOR = YES;
				GCC_WARN_UNINITIALIZED_AUTOS = YES_AGGRESSIVE;
				GCC_WARN_UNUSED_FUNCTION = YES;
				GCC_WARN_UNUSED_VARIABLE = YES;
				IPHONEOS_DEPLOYMENT_TARGET = 12.4;
				MTL_ENABLE_DEBUG_INFO = INCLUDE_SOURCE;
				MTL_FAST_MATH = YES;
				ONLY_ACTIVE_ARCH = YES;
				SDKROOT = iphoneos;
				SWIFT_ACTIVE_COMPILATION_CONDITIONS = DEBUG;
				SWIFT_OPTIMIZATION_LEVEL = "-Onone";
			};
			name = Debug;
		};
		75627F33242118D50006D08A /* Release */ = {
			isa = XCBuildConfiguration;
			buildSettings = {
				ALWAYS_SEARCH_USER_PATHS = NO;
				CLANG_ANALYZER_LOCALIZABILITY_NONLOCALIZED = YES;
				CLANG_ANALYZER_NONNULL = YES;
				CLANG_ANALYZER_NUMBER_OBJECT_CONVERSION = YES_AGGRESSIVE;
				CLANG_CXX_LANGUAGE_STANDARD = "gnu++14";
				CLANG_CXX_LIBRARY = "libc++";
				CLANG_ENABLE_MODULES = YES;
				CLANG_ENABLE_OBJC_ARC = YES;
				CLANG_ENABLE_OBJC_WEAK = YES;
				CLANG_WARN_BLOCK_CAPTURE_AUTORELEASING = YES;
				CLANG_WARN_BOOL_CONVERSION = YES;
				CLANG_WARN_COMMA = YES;
				CLANG_WARN_CONSTANT_CONVERSION = YES;
				CLANG_WARN_DEPRECATED_OBJC_IMPLEMENTATIONS = YES;
				CLANG_WARN_DIRECT_OBJC_ISA_USAGE = YES_ERROR;
				CLANG_WARN_DOCUMENTATION_COMMENTS = YES;
				CLANG_WARN_EMPTY_BODY = YES;
				CLANG_WARN_ENUM_CONVERSION = YES;
				CLANG_WARN_INFINITE_RECURSION = YES;
				CLANG_WARN_INT_CONVERSION = YES;
				CLANG_WARN_NON_LITERAL_NULL_CONVERSION = YES;
				CLANG_WARN_OBJC_IMPLICIT_RETAIN_SELF = YES;
				CLANG_WARN_OBJC_LITERAL_CONVERSION = YES;
				CLANG_WARN_OBJC_ROOT_CLASS = YES_ERROR;
				CLANG_WARN_RANGE_LOOP_ANALYSIS = YES;
				CLANG_WARN_STRICT_PROTOTYPES = YES;
				CLANG_WARN_SUSPICIOUS_MOVE = YES;
				CLANG_WARN_UNGUARDED_AVAILABILITY = YES_AGGRESSIVE;
				CLANG_WARN_UNREACHABLE_CODE = YES;
				CLANG_WARN__DUPLICATE_METHOD_MATCH = YES;
				COPY_PHASE_STRIP = NO;
				DEBUG_INFORMATION_FORMAT = "dwarf-with-dsym";
				ENABLE_NS_ASSERTIONS = NO;
				ENABLE_STRICT_OBJC_MSGSEND = YES;
				GCC_C_LANGUAGE_STANDARD = gnu11;
				GCC_NO_COMMON_BLOCKS = YES;
				GCC_WARN_64_TO_32_BIT_CONVERSION = YES;
				GCC_WARN_ABOUT_RETURN_TYPE = YES_ERROR;
				GCC_WARN_UNDECLARED_SELECTOR = YES;
				GCC_WARN_UNINITIALIZED_AUTOS = YES_AGGRESSIVE;
				GCC_WARN_UNUSED_FUNCTION = YES;
				GCC_WARN_UNUSED_VARIABLE = YES;
				IPHONEOS_DEPLOYMENT_TARGET = 12.4;
				MTL_ENABLE_DEBUG_INFO = NO;
				MTL_FAST_MATH = YES;
				SDKROOT = iphoneos;
				SWIFT_COMPILATION_MODE = wholemodule;
				SWIFT_OPTIMIZATION_LEVEL = "-O";
				VALIDATE_PRODUCT = YES;
			};
			name = Release;
		};
		75627F35242118D50006D08A /* Debug */ = {
			isa = XCBuildConfiguration;
			baseConfigurationReference = 3C9F9D95C62A1BB06580A265 /* Pods-ComicReader.debug.xcconfig */;
			buildSettings = {
				ASSETCATALOG_COMPILER_APPICON_NAME = AppIcon;
				CLANG_ENABLE_MODULES = YES;
				CODE_SIGN_IDENTITY = "Apple Development";
				CODE_SIGN_STYLE = Automatic;
				CURRENT_PROJECT_VERSION = 2;
				DEVELOPMENT_TEAM = N997Q2Y7ME;
				INFOPLIST_FILE = ComicReader/Info.plist;
				IPHONEOS_DEPLOYMENT_TARGET = 12.4;
				LD_RUNPATH_SEARCH_PATHS = (
					"$(inherited)",
					"@executable_path/Frameworks",
				);
				MARKETING_VERSION = 1.0;
				PRODUCT_BUNDLE_IDENTIFIER = com.flaviusns.tham;
				PRODUCT_NAME = "Tham!";
				PROVISIONING_PROFILE_SPECIFIER = "";
				SWIFT_OBJC_BRIDGING_HEADER = "ComicReader/ComicReader-Bridging-Header.h";
				SWIFT_OPTIMIZATION_LEVEL = "-Onone";
				SWIFT_VERSION = 5.0;
				TARGETED_DEVICE_FAMILY = "1,2";
			};
			name = Debug;
		};
		75627F36242118D50006D08A /* Release */ = {
			isa = XCBuildConfiguration;
			baseConfigurationReference = 25E1B262260C0E1A166085B9 /* Pods-ComicReader.release.xcconfig */;
			buildSettings = {
				ASSETCATALOG_COMPILER_APPICON_NAME = AppIcon;
				CLANG_ENABLE_MODULES = YES;
				CODE_SIGN_IDENTITY = "Apple Development";
				CODE_SIGN_STYLE = Automatic;
				CURRENT_PROJECT_VERSION = 2;
				DEVELOPMENT_TEAM = N997Q2Y7ME;
				INFOPLIST_FILE = ComicReader/Info.plist;
				IPHONEOS_DEPLOYMENT_TARGET = 12.4;
				LD_RUNPATH_SEARCH_PATHS = (
					"$(inherited)",
					"@executable_path/Frameworks",
				);
				MARKETING_VERSION = 1.0;
				PRODUCT_BUNDLE_IDENTIFIER = com.flaviusns.tham;
				PRODUCT_NAME = "Tham!";
				PROVISIONING_PROFILE_SPECIFIER = "";
				SWIFT_OBJC_BRIDGING_HEADER = "ComicReader/ComicReader-Bridging-Header.h";
				SWIFT_VERSION = 5.0;
				TARGETED_DEVICE_FAMILY = "1,2";
			};
			name = Release;
		};
/* End XCBuildConfiguration section */

/* Begin XCConfigurationList section */
		7526471E24801AAE0033ABD1 /* Build configuration list for PBXNativeTarget "ComicReaderTests" */ = {
			isa = XCConfigurationList;
			buildConfigurations = (
				7526471C24801AAE0033ABD1 /* Debug */,
				7526471D24801AAE0033ABD1 /* Release */,
			);
			defaultConfigurationIsVisible = 0;
			defaultConfigurationName = Release;
		};
		75627F1B242118D30006D08A /* Build configuration list for PBXProject "ComicReader" */ = {
			isa = XCConfigurationList;
			buildConfigurations = (
				75627F32242118D50006D08A /* Debug */,
				75627F33242118D50006D08A /* Release */,
			);
			defaultConfigurationIsVisible = 0;
			defaultConfigurationName = Release;
		};
		75627F34242118D50006D08A /* Build configuration list for PBXNativeTarget "Tham!" */ = {
			isa = XCConfigurationList;
			buildConfigurations = (
				75627F35242118D50006D08A /* Debug */,
				75627F36242118D50006D08A /* Release */,
			);
			defaultConfigurationIsVisible = 0;
			defaultConfigurationName = Release;
		};
/* End XCConfigurationList section */

/* Begin XCVersionGroup section */
		759B393D242F98F300D73586 /* ComicReaderModel.xcdatamodeld */ = {
			isa = XCVersionGroup;
			children = (
				759B393E242F98F300D73586 /* ComicReaderModel.xcdatamodel */,
			);
			currentVersion = 759B393E242F98F300D73586 /* ComicReaderModel.xcdatamodel */;
			path = ComicReaderModel.xcdatamodeld;
			sourceTree = "<group>";
			versionGroupType = wrapper.xcdatamodel;
		};
/* End XCVersionGroup section */
	};
	rootObject = 75627F18242118D30006D08A /* Project object */;
}
